
Microsoft Visual Studio Solution File, Format Version 12.00
# Visual Studio Version 16
VisualStudioVersion = 16.0.31313.79
MinimumVisualStudioVersion = 10.0.40219.1
Project("{FAE04EC0-301F-11D3-BF4B-00C04F79EFBC}") = "Smith_IST271_ Exam2", "Smith_IST271_ Exam2\Smith_IST271_ Exam2.csproj", "{9741ED43-6C9E-4B6A-ACDC-013475CCB2D0}"
EndProject
Global
	GlobalSection(SolutionConfigurationPlatforms) = preSolution
		Debug|Any CPU = Debug|Any CPU
		Release|Any CPU = Release|Any CPU
	EndGlobalSection
	GlobalSection(ProjectConfigurationPlatforms) = postSolution
		{9741ED43-6C9E-4B6A-ACDC-013475CCB2D0}.Debug|Any CPU.ActiveCfg = Debug|Any CPU
		{9741ED43-6C9E-4B6A-ACDC-013475CCB2D0}.Debug|Any CPU.Build.0 = Debug|Any CPU
		{9741ED43-6C9E-4B6A-ACDC-013475CCB2D0}.Release|Any CPU.ActiveCfg = Release|Any CPU
		{9741ED43-6C9E-4B6A-ACDC-013475CCB2D0}.Release|Any CPU.Build.0 = Release|Any CPU
	EndGlobalSection
	GlobalSection(SolutionProperties) = preSolution
		HideSolutionNode = FALSE
	EndGlobalSection
	GlobalSection(ExtensibilityGlobals) = postSolution
		SolutionGuid = {E1F5090D-635B-4E29-9243-7E50F4219F4E}
	EndGlobalSection
EndGlobal
